
Microsoft Visual Studio Solution File, Format Version 12.00
# Visual Studio Version 17
VisualStudioVersion = 17.2.32630.192
MinimumVisualStudioVersion = 10.0.40219.1
Project("{FAE04EC0-301F-11D3-BF4B-00C04F79EFBC}") = "vetores1", "vetores1\vetores1.csproj", "{0F58EBDC-BCAD-468E-A287-146C02FE7E44}"
EndProject
Global
	GlobalSection(SolutionConfigurationPlatforms) = preSolution
		Debug|Any CPU = Debug|Any CPU
		Release|Any CPU = Release|Any CPU
	EndGlobalSection
	GlobalSection(ProjectConfigurationPlatforms) = postSolution
		{0F58EBDC-BCAD-468E-A287-146C02FE7E44}.Debug|Any CPU.ActiveCfg = Debug|Any CPU
		{0F58EBDC-BCAD-468E-A287-146C02FE7E44}.Debug|Any CPU.Build.0 = Debug|Any CPU
		{0F58EBDC-BCAD-468E-A287-146C02FE7E44}.Release|Any CPU.ActiveCfg = Release|Any CPU
		{0F58EBDC-BCAD-468E-A287-146C02FE7E44}.Release|Any CPU.Build.0 = Release|Any CPU
	EndGlobalSection
	GlobalSection(SolutionProperties) = preSolution
		HideSolutionNode = FALSE
	EndGlobalSection
	GlobalSection(ExtensibilityGlobals) = postSolution
		SolutionGuid = {B7F206AA-C29C-4C6B-A650-8A380364A339}
	EndGlobalSection
EndGlobal
