
Microsoft Visual Studio Solution File, Format Version 12.00
# Visual Studio Version 17
VisualStudioVersion = 17.3.32901.215
MinimumVisualStudioVersion = 10.0.40219.1
Project("{FAE04EC0-301F-11D3-BF4B-00C04F79EFBC}") = "Foreach", "Foreach\Foreach.csproj", "{EFC88CB0-7901-4C55-B94A-636172C6AECC}"
EndProject
Global
	GlobalSection(SolutionConfigurationPlatforms) = preSolution
		Debug|Any CPU = Debug|Any CPU
		Release|Any CPU = Release|Any CPU
	EndGlobalSection
	GlobalSection(ProjectConfigurationPlatforms) = postSolution
		{EFC88CB0-7901-4C55-B94A-636172C6AECC}.Debug|Any CPU.ActiveCfg = Debug|Any CPU
		{EFC88CB0-7901-4C55-B94A-636172C6AECC}.Debug|Any CPU.Build.0 = Debug|Any CPU
		{EFC88CB0-7901-4C55-B94A-636172C6AECC}.Release|Any CPU.ActiveCfg = Release|Any CPU
		{EFC88CB0-7901-4C55-B94A-636172C6AECC}.Release|Any CPU.Build.0 = Release|Any CPU
	EndGlobalSection
	GlobalSection(SolutionProperties) = preSolution
		HideSolutionNode = FALSE
	EndGlobalSection
	GlobalSection(ExtensibilityGlobals) = postSolution
		SolutionGuid = {72B5926E-0B27-4107-BD3C-B679DAF9584A}
	EndGlobalSection
EndGlobal
