
Microsoft Visual Studio Solution File, Format Version 12.00
# Visual Studio Version 17
VisualStudioVersion = 17.2.32630.192
MinimumVisualStudioVersion = 10.0.40219.1
Project("{FAE04EC0-301F-11D3-BF4B-00C04F79EFBC}") = "Operadores_logicos", "Operadores_logicos\Operadores_logicos.csproj", "{59596118-64C5-4F96-AC8D-3A25ADDF3FDC}"
EndProject
Global
	GlobalSection(SolutionConfigurationPlatforms) = preSolution
		Debug|Any CPU = Debug|Any CPU
		Release|Any CPU = Release|Any CPU
	EndGlobalSection
	GlobalSection(ProjectConfigurationPlatforms) = postSolution
		{59596118-64C5-4F96-AC8D-3A25ADDF3FDC}.Debug|Any CPU.ActiveCfg = Debug|Any CPU
		{59596118-64C5-4F96-AC8D-3A25ADDF3FDC}.Debug|Any CPU.Build.0 = Debug|Any CPU
		{59596118-64C5-4F96-AC8D-3A25ADDF3FDC}.Release|Any CPU.ActiveCfg = Release|Any CPU
		{59596118-64C5-4F96-AC8D-3A25ADDF3FDC}.Release|Any CPU.Build.0 = Release|Any CPU
	EndGlobalSection
	GlobalSection(SolutionProperties) = preSolution
		HideSolutionNode = FALSE
	EndGlobalSection
	GlobalSection(ExtensibilityGlobals) = postSolution
		SolutionGuid = {8093140A-F9C3-4998-9301-D122254D754B}
	EndGlobalSection
EndGlobal
